
Microsoft Visual Studio Solution File, Format Version 12.00
# Visual Studio Version 16
VisualStudioVersion = 16.0.30621.155
MinimumVisualStudioVersion = 10.0.40219.1
Project("{FAE04EC0-301F-11D3-BF4B-00C04F79EFBC}") = "Mesadinha", "Mesadinha\Mesadinha.csproj", "{0A8FA5BF-D45F-4DB9-9725-D437A50F4D22}"
EndProject
Global
	GlobalSection(SolutionConfigurationPlatforms) = preSolution
		Debug|Any CPU = Debug|Any CPU
		Release|Any CPU = Release|Any CPU
	EndGlobalSection
	GlobalSection(ProjectConfigurationPlatforms) = postSolution
		{0A8FA5BF-D45F-4DB9-9725-D437A50F4D22}.Debug|Any CPU.ActiveCfg = Debug|Any CPU
		{0A8FA5BF-D45F-4DB9-9725-D437A50F4D22}.Debug|Any CPU.Build.0 = Debug|Any CPU
		{0A8FA5BF-D45F-4DB9-9725-D437A50F4D22}.Release|Any CPU.ActiveCfg = Release|Any CPU
		{0A8FA5BF-D45F-4DB9-9725-D437A50F4D22}.Release|Any CPU.Build.0 = Release|Any CPU
	EndGlobalSection
	GlobalSection(SolutionProperties) = preSolution
		HideSolutionNode = FALSE
	EndGlobalSection
	GlobalSection(ExtensibilityGlobals) = postSolution
		SolutionGuid = {D3BF72A4-2BB1-47BB-BB7F-C5433204964D}
	EndGlobalSection
EndGlobal
